
Microsoft Visual Studio Solution File, Format Version 12.00
# Visual Studio Version 16
VisualStudioVersion = 16.0.30114.105
MinimumVisualStudioVersion = 10.0.40219.1
Project("{9A19103F-16F7-4668-BE54-9A1E7A4F7556}") = "TestApp.Common", "TestApp.Common\TestApp.Common.csproj", "{6FFCC337-81A1-498F-B32A-A282A64A582D}"
EndProject
Project("{FAE04EC0-301F-11D3-BF4B-00C04F79EFBC}") = "TestApp.Droid", "TestApp.Droid\TestApp.Droid.csproj", "{E8AC2244-A377-48EE-9BFE-906C12868893}"
EndProject
Global
	GlobalSection(SolutionConfigurationPlatforms) = preSolution
		Debug|Any CPU = Debug|Any CPU
		Release|Any CPU = Release|Any CPU
	EndGlobalSection
	GlobalSection(ProjectConfigurationPlatforms) = postSolution
		{6FFCC337-81A1-498F-B32A-A282A64A582D}.Debug|Any CPU.ActiveCfg = Debug|Any CPU
		{6FFCC337-81A1-498F-B32A-A282A64A582D}.Debug|Any CPU.Build.0 = Debug|Any CPU
		{6FFCC337-81A1-498F-B32A-A282A64A582D}.Release|Any CPU.ActiveCfg = Release|Any CPU
		{6FFCC337-81A1-498F-B32A-A282A64A582D}.Release|Any CPU.Build.0 = Release|Any CPU
		{E8AC2244-A377-48EE-9BFE-906C12868893}.Debug|Any CPU.ActiveCfg = Debug|Any CPU
		{E8AC2244-A377-48EE-9BFE-906C12868893}.Debug|Any CPU.Build.0 = Debug|Any CPU
		{E8AC2244-A377-48EE-9BFE-906C12868893}.Debug|Any CPU.Deploy.0 = Debug|Any CPU
		{E8AC2244-A377-48EE-9BFE-906C12868893}.Release|Any CPU.ActiveCfg = Release|Any CPU
		{E8AC2244-A377-48EE-9BFE-906C12868893}.Release|Any CPU.Build.0 = Release|Any CPU
		{E8AC2244-A377-48EE-9BFE-906C12868893}.Release|Any CPU.Deploy.0 = Release|Any CPU
	EndGlobalSection
	GlobalSection(SolutionProperties) = preSolution
		HideSolutionNode = FALSE
	EndGlobalSection
	GlobalSection(ExtensibilityGlobals) = postSolution
		SolutionGuid = {982ECC52-CFDC-49EB-A402-2D65CB85EC91}
	EndGlobalSection
EndGlobal
